
Microsoft Visual Studio Solution File, Format Version 12.00
# Visual Studio Version 17
VisualStudioVersion = 17.9.34723.18
MinimumVisualStudioVersion = 10.0.40219.1
Project("{FAE04EC0-301F-11D3-BF4B-00C04F79EFBC}") = "BombTests", "BombTests\BombTests.csproj", "{A3C4693F-BD41-46DB-8377-1226FFC9379B}"
EndProject
Project("{9A19103F-16F7-4668-BE54-9A1E7A4F7556}") = "Task_Bomb", "..\..\..\Softuni exercises\CS Exercises\Task_Bomb\Task_Bomb.csproj", "{0446D392-5D16-44C1-83D9-A3604AD7769A}"
EndProject
Global
	GlobalSection(SolutionConfigurationPlatforms) = preSolution
		Debug|Any CPU = Debug|Any CPU
		Release|Any CPU = Release|Any CPU
	EndGlobalSection
	GlobalSection(ProjectConfigurationPlatforms) = postSolution
		{A3C4693F-BD41-46DB-8377-1226FFC9379B}.Debug|Any CPU.ActiveCfg = Debug|Any CPU
		{A3C4693F-BD41-46DB-8377-1226FFC9379B}.Debug|Any CPU.Build.0 = Debug|Any CPU
		{A3C4693F-BD41-46DB-8377-1226FFC9379B}.Release|Any CPU.ActiveCfg = Release|Any CPU
		{A3C4693F-BD41-46DB-8377-1226FFC9379B}.Release|Any CPU.Build.0 = Release|Any CPU
		{0446D392-5D16-44C1-83D9-A3604AD7769A}.Debug|Any CPU.ActiveCfg = Debug|Any CPU
		{0446D392-5D16-44C1-83D9-A3604AD7769A}.Debug|Any CPU.Build.0 = Debug|Any CPU
		{0446D392-5D16-44C1-83D9-A3604AD7769A}.Release|Any CPU.ActiveCfg = Release|Any CPU
		{0446D392-5D16-44C1-83D9-A3604AD7769A}.Release|Any CPU.Build.0 = Release|Any CPU
	EndGlobalSection
	GlobalSection(SolutionProperties) = preSolution
		HideSolutionNode = FALSE
	EndGlobalSection
	GlobalSection(ExtensibilityGlobals) = postSolution
		SolutionGuid = {2BFDB211-E918-4489-B220-2A30C364A8C0}
	EndGlobalSection
EndGlobal
