
Microsoft Visual Studio Solution File, Format Version 12.00
# Visual Studio Version 17
VisualStudioVersion = 17.9.34723.18
MinimumVisualStudioVersion = 10.0.40219.1
Project("{FAE04EC0-301F-11D3-BF4B-00C04F79EFBC}") = "CalcAverageOfMiddleElementsInArrTests", "CalcAverageOfMiddleElementsInArrTests\CalcAverageOfMiddleElementsInArrTests.csproj", "{E8F28FE3-1C12-4C3D-B482-76371EA65B4E}"
EndProject
Project("{9A19103F-16F7-4668-BE54-9A1E7A4F7556}") = "Task_CalcAverageOfMiddleElementsInArr", "..\..\..\Softuni exercises\CS Exercises\Task_CalcAverageOfMiddleElementsInArr\Task_CalcAverageOfMiddleElementsInArr.csproj", "{527E562F-0AFD-4EA1-88F4-AC583D60F042}"
EndProject
Global
	GlobalSection(SolutionConfigurationPlatforms) = preSolution
		Debug|Any CPU = Debug|Any CPU
		Release|Any CPU = Release|Any CPU
	EndGlobalSection
	GlobalSection(ProjectConfigurationPlatforms) = postSolution
		{E8F28FE3-1C12-4C3D-B482-76371EA65B4E}.Debug|Any CPU.ActiveCfg = Debug|Any CPU
		{E8F28FE3-1C12-4C3D-B482-76371EA65B4E}.Debug|Any CPU.Build.0 = Debug|Any CPU
		{E8F28FE3-1C12-4C3D-B482-76371EA65B4E}.Release|Any CPU.ActiveCfg = Release|Any CPU
		{E8F28FE3-1C12-4C3D-B482-76371EA65B4E}.Release|Any CPU.Build.0 = Release|Any CPU
		{527E562F-0AFD-4EA1-88F4-AC583D60F042}.Debug|Any CPU.ActiveCfg = Debug|Any CPU
		{527E562F-0AFD-4EA1-88F4-AC583D60F042}.Debug|Any CPU.Build.0 = Debug|Any CPU
		{527E562F-0AFD-4EA1-88F4-AC583D60F042}.Release|Any CPU.ActiveCfg = Release|Any CPU
		{527E562F-0AFD-4EA1-88F4-AC583D60F042}.Release|Any CPU.Build.0 = Release|Any CPU
	EndGlobalSection
	GlobalSection(SolutionProperties) = preSolution
		HideSolutionNode = FALSE
	EndGlobalSection
	GlobalSection(ExtensibilityGlobals) = postSolution
		SolutionGuid = {2BFDB211-E918-4489-B220-2A30C364A8C0}
	EndGlobalSection
EndGlobal
